
Microsoft Visual Studio Solution File, Format Version 12.00
# Visual Studio Version 16
VisualStudioVersion = 16.0.36324.18
MinimumVisualStudioVersion = 10.0.40219.1
Project("{FAE04EC0-301F-11D3-BF4B-00C04F79EFBC}") = "MVCCRUD", "MVCCRUD\MVCCRUD.csproj", "{9E996286-0B77-4C8A-ADEB-59242488601B}"
EndProject
Global
	GlobalSection(SolutionConfigurationPlatforms) = preSolution
		Debug|Any CPU = Debug|Any CPU
		Release|Any CPU = Release|Any CPU
	EndGlobalSection
	GlobalSection(ProjectConfigurationPlatforms) = postSolution
		{9E996286-0B77-4C8A-ADEB-59242488601B}.Debug|Any CPU.ActiveCfg = Debug|Any CPU
		{9E996286-0B77-4C8A-ADEB-59242488601B}.Debug|Any CPU.Build.0 = Debug|Any CPU
		{9E996286-0B77-4C8A-ADEB-59242488601B}.Release|Any CPU.ActiveCfg = Release|Any CPU
		{9E996286-0B77-4C8A-ADEB-59242488601B}.Release|Any CPU.Build.0 = Release|Any CPU
	EndGlobalSection
	GlobalSection(SolutionProperties) = preSolution
		HideSolutionNode = FALSE
	EndGlobalSection
	GlobalSection(ExtensibilityGlobals) = postSolution
		SolutionGuid = {1B78F8BA-382E-4BD5-80EB-0BD987D1EC7B}
	EndGlobalSection
EndGlobal
